speakeasyVersion: 1.790.0
sources:
    Documenso v2 beta API:
        sourceNamespace: documenso-v-2-beta-api
        sourceRevisionDigest: sha256:3c2448394cd73bfa2aae6b62cdd4eb235f85ff5de62d1149e282f510b7013404
        sourceBlobDigest: sha256:a36fcee9f8c79a7bbd1945240b8df2d29e6518f5d8e1cc4c65e327ce51a2eadf
        tags:
            - latest
            - 1.0.0
targets:
    documenso:
        source: Documenso v2 beta API
        sourceNamespace: documenso-v-2-beta-api
        sourceRevisionDigest: sha256:3c2448394cd73bfa2aae6b62cdd4eb235f85ff5de62d1149e282f510b7013404
        sourceBlobDigest: sha256:a36fcee9f8c79a7bbd1945240b8df2d29e6518f5d8e1cc4c65e327ce51a2eadf
        codeSamplesNamespace: documenso-v-2-beta-api-typescript-code-samples
        codeSamplesRevisionDigest: sha256:6b1f3792d459b7f5a886e1d55372f56ade98b54d94ccf454f648948e797081d8
workflow:
    workflowVersion: 1.0.0
    speakeasyVersion: latest
    sources:
        Documenso v2 beta API:
            inputs:
                - location: https://app.documenso.com/api/v2-beta/openapi.json
            overlays:
                - location: .speakeasy/speakeasy-modifications-overlay.yaml
            registry:
                location: registry.speakeasyapi.dev/documenso-inc/api/documenso-v-2-beta-api
    targets:
        documenso:
            target: typescript
            source: Documenso v2 beta API
            publish:
                npm:
                    token: $npm_token
            codeSamples:
                registry:
                    location: registry.speakeasyapi.dev/documenso-inc/api/documenso-v-2-beta-api-typescript-code-samples
                labelOverride:
                    fixedValue: Typescript (SDK)
                blocking: false
