speakeasyVersion: 1.762.0
sources:
    Documenso v2 beta API:
        sourceNamespace: documenso-v-2-beta-api
        sourceRevisionDigest: sha256:32e51c81fd4550014cf180f04ab6f76ec0e4d20e5e75a6461f1cd6194d58a5ab
        sourceBlobDigest: sha256:a52b823c0a8bc55caf59da4d85154ba9f7702cde3bc4f53f836849c3afbdfa34
        tags:
            - latest
            - 1.0.0
targets:
    documenso:
        source: Documenso v2 beta API
        sourceNamespace: documenso-v-2-beta-api
        sourceRevisionDigest: sha256:32e51c81fd4550014cf180f04ab6f76ec0e4d20e5e75a6461f1cd6194d58a5ab
        sourceBlobDigest: sha256:a52b823c0a8bc55caf59da4d85154ba9f7702cde3bc4f53f836849c3afbdfa34
        codeSamplesNamespace: documenso-v-2-beta-api-typescript-code-samples
        codeSamplesRevisionDigest: sha256:f73ba682b9745efa5e39559dd2d1024b0a00cc4cd8e9ba82a343b633af52444f
workflow:
    workflowVersion: 1.0.0
    speakeasyVersion: latest
    sources:
        Documenso v2 beta API:
            inputs:
                - location: https://app.documenso.com/api/v2-beta/openapi.json
            overlays:
                - location: .speakeasy/speakeasy-modifications-overlay.yaml
            registry:
                location: registry.speakeasyapi.dev/documenso-inc/api/documenso-v-2-beta-api
    targets:
        documenso:
            target: typescript
            source: Documenso v2 beta API
            publish:
                npm:
                    token: $npm_token
            codeSamples:
                registry:
                    location: registry.speakeasyapi.dev/documenso-inc/api/documenso-v-2-beta-api-typescript-code-samples
                labelOverride:
                    fixedValue: Typescript (SDK)
                blocking: false
