speakeasyVersion: 1.469.1
sources:
    Documenso v2 beta API:
        sourceNamespace: documenso-v-2-beta-api
        sourceRevisionDigest: sha256:d0e0b4cfe3cf94be2a18065a7603ee28410d8b90fd6a46361f3284dd9ceaeed4
        sourceBlobDigest: sha256:0b2b8432f71d2d35e1d55cd62522abe35cb3f5f8a7b9cc4b3ed10095deb173c9
        tags:
            - latest
            - 0.0.0
targets:
    documenso:
        source: Documenso v2 beta API
        sourceNamespace: documenso-v-2-beta-api
        sourceRevisionDigest: sha256:d0e0b4cfe3cf94be2a18065a7603ee28410d8b90fd6a46361f3284dd9ceaeed4
        sourceBlobDigest: sha256:0b2b8432f71d2d35e1d55cd62522abe35cb3f5f8a7b9cc4b3ed10095deb173c9
        codeSamplesNamespace: documenso-v-2-beta-api-typescript-code-samples
        codeSamplesRevisionDigest: sha256:68b85a39d42143f968b298185d5aee3f31127701e78e5a4e7aa7275f723e36f0
workflow:
    workflowVersion: 1.0.0
    speakeasyVersion: latest
    sources:
        Documenso v2 beta API:
            inputs:
                - location: ./local-openapi.json
            overlays:
                - location: .speakeasy/speakeasy-modifications-overlay.yaml
            registry:
                location: registry.speakeasyapi.dev/documenso-inc/api/documenso-v-2-beta-api
    targets:
        documenso:
            target: typescript
            source: Documenso v2 beta API
            codeSamples:
                registry:
                    location: registry.speakeasyapi.dev/documenso-inc/api/documenso-v-2-beta-api-typescript-code-samples
                labelOverride:
                    fixedValue: Typescript (SDK)
                blocking: false
